Microsoft Visual Studio Solution File, Format Version 12.00
# Visual Studio 15
VisualStudioVersion = 15.0.26730.8
MinimumVisualStudioVersion = 10.0.40219.1
Project("{9A19103F-16F7-4668-BE54-9A1E7A4F7556}") = "InvestorApi", "InvestorApi\InvestorApi.csproj", "{289C05CA-1E1D-461C-92FD-FB7A3789EAFF}"
EndProject
Project("{9A19103F-16F7-4668-BE54-9A1E7A4F7556}") = "InvestorApi.Domain", "InvestorApi.Domain\InvestorApi.Domain.csproj", "{432647EE-3498-43A9-8CA8-FA3F14FFE021}"
EndProject
Project("{9A19103F-16F7-4668-BE54-9A1E7A4F7556}") = "InvestorApi.Contracts", "InvestorApi.Contracts\InvestorApi.Contracts.csproj", "{9F030327-00CA-4506-B597-35471FB54C6E}"
EndProject
Project("{E53339B2-1760-4266-BCC7-CA923CBCF16C}") = "docker-compose", "docker-compose.dcproj", "{6BD54B63-99D4-472F-8CE2-CBF597ECC66B}"
EndProject
Project("{2150E333-8FDC-42A3-9474-1A3956D46DE8}") = "Tests", "Tests", "{5D9A909D-C10D-4B8A-976B-248DE8AE09D0}"
EndProject
Project("{9A19103F-16F7-4668-BE54-9A1E7A4F7556}") = "InvestorApi.ComponentTests", "Tests\InvestorApi.ComponentTests\InvestorApi.ComponentTests.csproj", "{CBF748F4-B50F-45E2-B5F1-856060962DCA}"
EndProject
Project("{9A19103F-16F7-4668-BE54-9A1E7A4F7556}") = "InvestorApi.Repositories", "InvestorApi.Repositories\InvestorApi.Repositories.csproj", "{48E6F589-3007-4039-9477-5F7F26FA7C7B}"
EndProject
Project("{2150E333-8FDC-42A3-9474-1A3956D46DE8}") = "Docker", "Docker", "{964D080C-B0C4-4972-9DAF-30687BCEFBF7}"
EndProject
Project("{2150E333-8FDC-42A3-9474-1A3956D46DE8}") = "Providers", "Providers", "{2375B6B2-6611-4D68-88F6-C760A72B3027}"
EndProject
Project("{9A19103F-16F7-4668-BE54-9A1E7A4F7556}") = "InvestorApi.Asx", "InvestorApi.Asx\InvestorApi.Asx.csproj", "{E58FCF40-4098-463D-899E-8748F503D19E}"
EndProject
Project("{9A19103F-16F7-4668-BE54-9A1E7A4F7556}") = "InvestorApi.Yahoo", "InvestorApi.Yahoo\InvestorApi.Yahoo.csproj", "{9C2686DE-F4A2-4CDE-BA33-B07AFF207B75}"
EndProject
Global
	GlobalSection(SolutionConfigurationPlatforms) = preSolution
		Debug|Any CPU = Debug|Any CPU
		Release|Any CPU = Release|Any CPU
	EndGlobalSection
	GlobalSection(ProjectConfigurationPlatforms) = postSolution
		{289C05CA-1E1D-461C-92FD-FB7A3789EAFF}.Debug|Any CPU.ActiveCfg = Debug|Any CPU
		{289C05CA-1E1D-461C-92FD-FB7A3789EAFF}.Debug|Any CPU.Build.0 = Debug|Any CPU
		{289C05CA-1E1D-461C-92FD-FB7A3789EAFF}.Release|Any CPU.ActiveCfg = Release|Any CPU
		{289C05CA-1E1D-461C-92FD-FB7A3789EAFF}.Release|Any CPU.Build.0 = Release|Any CPU
		{432647EE-3498-43A9-8CA8-FA3F14FFE021}.Debug|Any CPU.ActiveCfg = Debug|Any CPU
		{432647EE-3498-43A9-8CA8-FA3F14FFE021}.Debug|Any CPU.Build.0 = Debug|Any CPU
		{432647EE-3498-43A9-8CA8-FA3F14FFE021}.Release|Any CPU.ActiveCfg = Release|Any CPU
		{432647EE-3498-43A9-8CA8-FA3F14FFE021}.Release|Any CPU.Build.0 = Release|Any CPU
		{9F030327-00CA-4506-B597-35471FB54C6E}.Debug|Any CPU.ActiveCfg = Debug|Any CPU
		{9F030327-00CA-4506-B597-35471FB54C6E}.Debug|Any CPU.Build.0 = Debug|Any CPU
		{9F030327-00CA-4506-B597-35471FB54C6E}.Release|Any CPU.ActiveCfg = Release|Any CPU
		{9F030327-00CA-4506-B597-35471FB54C6E}.Release|Any CPU.Build.0 = Release|Any CPU
		{6BD54B63-99D4-472F-8CE2-CBF597ECC66B}.Debug|Any CPU.ActiveCfg = Debug|Any CPU
		{6BD54B63-99D4-472F-8CE2-CBF597ECC66B}.Release|Any CPU.ActiveCfg = Release|Any CPU
		{6BD54B63-99D4-472F-8CE2-CBF597ECC66B}.Release|Any CPU.Build.0 = Release|Any CPU
		{CBF748F4-B50F-45E2-B5F1-856060962DCA}.Debug|Any CPU.ActiveCfg = Debug|Any CPU
		{CBF748F4-B50F-45E2-B5F1-856060962DCA}.Debug|Any CPU.Build.0 = Debug|Any CPU
		{CBF748F4-B50F-45E2-B5F1-856060962DCA}.Release|Any CPU.ActiveCfg = Release|Any CPU
		{CBF748F4-B50F-45E2-B5F1-856060962DCA}.Release|Any CPU.Build.0 = Release|Any CPU
		{48E6F589-3007-4039-9477-5F7F26FA7C7B}.Debug|Any CPU.ActiveCfg = Debug|Any CPU
		{48E6F589-3007-4039-9477-5F7F26FA7C7B}.Debug|Any CPU.Build.0 = Debug|Any CPU
		{48E6F589-3007-4039-9477-5F7F26FA7C7B}.Release|Any CPU.ActiveCfg = Release|Any CPU
		{48E6F589-3007-4039-9477-5F7F26FA7C7B}.Release|Any CPU.Build.0 = Release|Any CPU
		{E58FCF40-4098-463D-899E-8748F503D19E}.Debug|Any CPU.ActiveCfg = Debug|Any CPU
		{E58FCF40-4098-463D-899E-8748F503D19E}.Debug|Any CPU.Build.0 = Debug|Any CPU
		{E58FCF40-4098-463D-899E-8748F503D19E}.Release|Any CPU.ActiveCfg = Release|Any CPU
		{E58FCF40-4098-463D-899E-8748F503D19E}.Release|Any CPU.Build.0 = Release|Any CPU
		{9C2686DE-F4A2-4CDE-BA33-B07AFF207B75}.Debug|Any CPU.ActiveCfg = Debug|Any CPU
		{9C2686DE-F4A2-4CDE-BA33-B07AFF207B75}.Debug|Any CPU.Build.0 = Debug|Any CPU
		{9C2686DE-F4A2-4CDE-BA33-B07AFF207B75}.Release|Any CPU.ActiveCfg = Release|Any CPU
		{9C2686DE-F4A2-4CDE-BA33-B07AFF207B75}.Release|Any CPU.Build.0 = Release|Any CPU
	EndGlobalSection
	GlobalSection(SolutionProperties) = preSolution
		HideSolutionNode = FALSE
	EndGlobalSection
	GlobalSection(NestedProjects) = preSolution
		{6BD54B63-99D4-472F-8CE2-CBF597ECC66B} = {964D080C-B0C4-4972-9DAF-30687BCEFBF7}
		{CBF748F4-B50F-45E2-B5F1-856060962DCA} = {5D9A909D-C10D-4B8A-976B-248DE8AE09D0}
		{E58FCF40-4098-463D-899E-8748F503D19E} = {2375B6B2-6611-4D68-88F6-C760A72B3027}
		{9C2686DE-F4A2-4CDE-BA33-B07AFF207B75} = {2375B6B2-6611-4D68-88F6-C760A72B3027}
	EndGlobalSection
	GlobalSection(ExtensibilityGlobals) = postSolution
		SolutionGuid = {31AA9DE8-DA87-4F05-B494-3E0AFC137B98}
	EndGlobalSection
EndGlobal
